
Microsoft Visual Studio Solution File, Format Version 12.00
# Visual Studio Version 16
VisualStudioVersion = 16.0.30128.74
MinimumVisualStudioVersion = 10.0.40219.1
Project("{FAE04EC0-301F-11D3-BF4B-00C04F79EFBC}") = "DecisionTree", "DecisionTree\DecisionTree.csproj", "{3DAE2F80-F632-4D38-9895-46CDC7B56DD3}"
EndProject
Global
	GlobalSection(SolutionConfigurationPlatforms) = preSolution
		Debug|Any CPU = Debug|Any CPU
		Release|Any CPU = Release|Any CPU
	EndGlobalSection
	GlobalSection(ProjectConfigurationPlatforms) = postSolution
		{3DAE2F80-F632-4D38-9895-46CDC7B56DD3}.Debug|Any CPU.ActiveCfg = Debug|Any CPU
		{3DAE2F80-F632-4D38-9895-46CDC7B56DD3}.Debug|Any CPU.Build.0 = Debug|Any CPU
		{3DAE2F80-F632-4D38-9895-46CDC7B56DD3}.Release|Any CPU.ActiveCfg = Release|Any CPU
		{3DAE2F80-F632-4D38-9895-46CDC7B56DD3}.Release|Any CPU.Build.0 = Release|Any CPU
	EndGlobalSection
	GlobalSection(SolutionProperties) = preSolution
		HideSolutionNode = FALSE
	EndGlobalSection
	GlobalSection(ExtensibilityGlobals) = postSolution
		SolutionGuid = {BE1C98C6-A530-465B-8AC9-177D92F86C99}
	EndGlobalSection
EndGlobal
